{
  "name": "uni-wfc-demo",
  "version": "1.0.0",
  "lockfileVersion": 1,
  "requires": true,
  "dependencies": {
    "@babel/runtime": {
      "version": "7.17.9",
      "resolved": "https://registry.npmjs.org/@babel/runtime/-/runtime-7.17.9.tgz",
      "integrity": "sha512-lSiBBvodq29uShpWGNbgFdKYNiFDo5/HIYsaCEY9ff4sb10x9jizo2+pRrSyF4jKZCXqgzuqBOQKbUm90gQwJg==",
      "requires": {
        "regenerator-runtime": "^0.13.4"
      }
    },
    "@imndx/v-emoji-picker": {
      "version": "2.3.7",
      "resolved": "https://registry.npmjs.org/@imndx/v-emoji-picker/-/v-emoji-picker-2.3.7.tgz",
      "integrity": "sha512-RQSqNZGJjdOyVgoizeb1YsIvPDFRwrB4i330Iu4YSjLXx0Q2H2AjSx8j1pzPpuM1Fooz14h+qkg15uRGuq4Rtg==",
      "requires": {
        "universal-emoji-parser": "^0.5.28",
        "vue-class-component": "^7.2.6",
        "vue-property-decorator": "^9.0.2"
      }
    },
    "@intlify/core-base": {
      "version": "9.1.9",
      "resolved": "https://registry.npmjs.org/@intlify/core-base/-/core-base-9.1.9.tgz",
      "integrity": "sha512-x5T0p/Ja0S8hs5xs+ImKyYckVkL4CzcEXykVYYV6rcbXxJTe2o58IquSqX9bdncVKbRZP7GlBU1EcRaQEEJ+vw==",
      "requires": {
        "@intlify/devtools-if": "9.1.9",
        "@intlify/message-compiler": "9.1.9",
        "@intlify/message-resolver": "9.1.9",
        "@intlify/runtime": "9.1.9",
        "@intlify/shared": "9.1.9",
        "@intlify/vue-devtools": "9.1.9"
      }
    },
    "@intlify/devtools-if": {
      "version": "9.1.9",
      "resolved": "https://registry.npmjs.org/@intlify/devtools-if/-/devtools-if-9.1.9.tgz",
      "integrity": "sha512-oKSMKjttG3Ut/1UGEZjSdghuP3fwA15zpDPcjkf/1FjlOIm6uIBGMNS5jXzsZy593u+P/YcnrZD6cD3IVFz9vQ==",
      "requires": {
        "@intlify/shared": "9.1.9"
      }
    },
    "@intlify/message-compiler": {
      "version": "9.1.9",
      "resolved": "https://registry.npmjs.org/@intlify/message-compiler/-/message-compiler-9.1.9.tgz",
      "integrity": "sha512-6YgCMF46Xd0IH2hMRLCssZI3gFG4aywidoWQ3QP4RGYQXQYYfFC54DxhSgfIPpVoPLQ+4AD29eoYmhiHZ+qLFQ==",
      "requires": {
        "@intlify/message-resolver": "9.1.9",
        "@intlify/shared": "9.1.9",
        "source-map": "0.6.1"
      }
    },
    "@intlify/message-resolver": {
      "version": "9.1.9",
      "resolved": "https://registry.npmjs.org/@intlify/message-resolver/-/message-resolver-9.1.9.tgz",
      "integrity": "sha512-Lx/DBpigeK0sz2BBbzv5mu9/dAlt98HxwbG7xLawC3O2xMF9MNWU5FtOziwYG6TDIjNq0O/3ZbOJAxwITIWXEA=="
    },
    "@intlify/runtime": {
      "version": "9.1.9",
      "resolved": "https://registry.npmjs.org/@intlify/runtime/-/runtime-9.1.9.tgz",
      "integrity": "sha512-XgPw8+UlHCiie3fI41HPVa/VDJb3/aSH7bLhY1hJvlvNV713PFtb4p4Jo+rlE0gAoMsMCGcsiT982fImolSltg==",
      "requires": {
        "@intlify/message-compiler": "9.1.9",
        "@intlify/message-resolver": "9.1.9",
        "@intlify/shared": "9.1.9"
      }
    },
    "@intlify/shared": {
      "version": "9.1.9",
      "resolved": "https://registry.npmjs.org/@intlify/shared/-/shared-9.1.9.tgz",
      "integrity": "sha512-xKGM1d0EAxdDFCWedcYXOm6V5Pfw/TMudd6/qCdEb4tv0hk9EKeg7lwQF1azE0dP2phvx0yXxrt7UQK+IZjNdw=="
    },
    "@intlify/vue-devtools": {
      "version": "9.1.9",
      "resolved": "https://registry.npmjs.org/@intlify/vue-devtools/-/vue-devtools-9.1.9.tgz",
      "integrity": "sha512-YPehH9uL4vZcGXky4Ev5qQIITnHKIvsD2GKGXgqf+05osMUI6WSEQHaN9USRa318Rs8RyyPCiDfmA0hRu3k7og==",
      "requires": {
        "@intlify/message-resolver": "9.1.9",
        "@intlify/runtime": "9.1.9",
        "@intlify/shared": "9.1.9"
      }
    },
    "@vue/devtools-api": {
      "version": "6.1.4",
      "resolved": "https://registry.npmjs.org/@vue/devtools-api/-/devtools-api-6.1.4.tgz",
      "integrity": "sha512-IiA0SvDrJEgXvVxjNkHPFfDx6SXw0b/TUkqMcDZWNg9fnCAHbTpoo59YfJ9QLFkwa3raau5vSlRVzMSLDnfdtQ=="
    },
    "anchorme": {
      "version": "2.1.2",
      "resolved": "https://registry.npmjs.org/anchorme/-/anchorme-2.1.2.tgz",
      "integrity": "sha512-2iPY3kxDDZvtRzauqKDb4v7a5sTF4GZ+esQTY8nGYvmhAtGTeFPMn4cRnvyWS1qmtPTP0Mv8hyLOp9l3ZzWMKg=="
    },
    "benz-amr-recorder": {
      "version": "1.1.3",
      "resolved": "https://registry.npmjs.org/benz-amr-recorder/-/benz-amr-recorder-1.1.3.tgz",
      "integrity": "sha512-hI2ndKpBeVzm0Re8BXOz7fZQx005xpaVFa+7CcnELrm7RN1QDnokMDE6HvLeXFpXoHRtXh6VLtD9M+A0I5iGUw==",
      "requires": {
        "benz-recorderjs": "^1.0.5"
      }
    },
    "benz-recorderjs": {
      "version": "1.0.5",
      "resolved": "https://registry.npmjs.org/benz-recorderjs/-/benz-recorderjs-1.0.5.tgz",
      "integrity": "sha512-EwedOQo9KLti7HxDi/eZY51PSRbAXnOdEZmLvJ6ro3QQSoF9Y3AXBt57MIllGvVz5vtFYMeikG+GD7qTm3+p9w=="
    },
    "buffer-from": {
      "version": "1.1.2",
      "resolved": "https://registry.npmjs.org/buffer-from/-/buffer-from-1.1.2.tgz",
      "integrity": "sha512-E+XQCRwSbaaiChtv6k6Dwgc+bx+Bs6vuKJHHl5kox/BaKbhiXzqQOwK4cO22yElGp2OCmjwVhT3HmxgyPGnJfQ=="
    },
    "emojilib": {
      "version": "3.0.6",
      "resolved": "https://registry.npmjs.org/emojilib/-/emojilib-3.0.6.tgz",
      "integrity": "sha512-/fjPG5+oTHzHDQhXwovBrggTNhOB6r2Ms1+e9ZX84kYov/5YK1b9Jk4f6uho8C9CmWkQzjTJXrphNkP27+7TqQ=="
    },
    "fs-extra": {
      "version": "8.1.0",
      "resolved": "https://registry.npmjs.org/fs-extra/-/fs-extra-8.1.0.tgz",
      "integrity": "sha512-yhlQgA6mnOJUKOsRUFsgJdQCvkKhcz8tlZG5HBQfReYZy46OwLcY+Zia0mtdHsOo9y/hP+CxMN0TU9QxoOtG4g==",
      "requires": {
        "graceful-fs": "^4.2.0",
        "jsonfile": "^4.0.0",
        "universalify": "^0.1.0"
      },
      "dependencies": {
        "jsonfile": {
          "version": "4.0.0",
          "resolved": "https://registry.npmjs.org/jsonfile/-/jsonfile-4.0.0.tgz",
          "integrity": "sha1-h3Gq4HmbZAdrdmQPygWPnBDjPss=",
          "requires": {
            "graceful-fs": "^4.1.6"
          }
        }
      }
    },
    "graceful-fs": {
      "version": "4.2.10",
      "resolved": "https://registry.npmjs.org/graceful-fs/-/graceful-fs-4.2.10.tgz",
      "integrity": "sha512-9ByhssR2fPVsNZj478qUUbKfmL0+t5BDVyjShtyZZLiK7ZDAArFFfopyOTj0M05wE2tJPisA4iTnnXl2YoPvOA=="
    },
    "js-tokens": {
      "version": "4.0.0",
      "resolved": "https://registry.npmjs.org/js-tokens/-/js-tokens-4.0.0.tgz",
      "integrity": "sha512-RdJUflcE3cUzKiMqQgsCu06FPu9UdIJO0beYbPhHN4k6apgJtifcoCtT9bcxOpYBtpD2kCM6Sbzg4CausW/PKQ=="
    },
    "jsonfile": {
      "version": "5.0.0",
      "resolved": "https://registry.npmjs.org/jsonfile/-/jsonfile-5.0.0.tgz",
      "integrity": "sha512-NQRZ5CRo74MhMMC3/3r5g2k4fjodJ/wh8MxjFbCViWKFjxrnudWSY5vomh+23ZaXzAS7J3fBZIR2dV6WbmfM0w==",
      "requires": {
        "graceful-fs": "^4.1.6",
        "universalify": "^0.1.2"
      }
    },
    "long": {
      "version": "5.2.0",
      "resolved": "https://mirrors.huaweicloud.com/repository/npm/long/-/long-5.2.0.tgz",
      "integrity": "sha512-9RTUNjK60eJbx3uz+TEGF7fUr29ZDxR5QzXcyDpeSfeH28S9ycINflOgOlppit5U+4kNTe83KQnMEerw7GmE8w=="
    },
    "loose-envify": {
      "version": "1.4.0",
      "resolved": "https://registry.npmjs.org/loose-envify/-/loose-envify-1.4.0.tgz",
      "integrity": "sha512-lyuxPGr/Wfhrlem2CL/UcnUc1zcqKAImBDzukY7Y5F/yQiNdko6+fRLevlw1HgMySw7f611UIY408EtxRSoK3Q==",
      "requires": {
        "js-tokens": "^3.0.0 || ^4.0.0"
      }
    },
    "regenerator-runtime": {
      "version": "0.13.9",
      "resolved": "https://registry.npmjs.org/regenerator-runtime/-/regenerator-runtime-0.13.9.tgz",
      "integrity": "sha512-p3VT+cOEgxFsRRA9X4lkI1E+k2/CtnKtU4gcxyaCUreilL/vqI6CdZ3wxVUx3UOUg+gnUOQQcRI7BmSI656MYA=="
    },
    "resize-image": {
      "version": "0.1.0",
      "resolved": "https://registry.npmjs.org/resize-image/-/resize-image-0.1.0.tgz",
      "integrity": "sha512-78cWCEX/IupMCwKi5Gg5gxjOZKoN6UXinL2eVOB4xzyG2QNjq64z6pJBnyBKg5/BsjEosLz1co5e3DHr99TgFg=="
    },
    "source-map": {
      "version": "0.6.1",
      "resolved": "https://registry.npmjs.org/source-map/-/source-map-0.6.1.tgz",
      "integrity": "sha512-UjgapumWlbMhkBgzT7Ykc5YXUT46F0iKu8SGXq0bcwP5dz/h0Plj6enJqjz1Zbq2l5WaqYnrVbwWOWMyF3F47g=="
    },
    "source-map-support": {
      "version": "0.5.21",
      "resolved": "https://registry.npmjs.org/source-map-support/-/source-map-support-0.5.21.tgz",
      "integrity": "sha512-uBHU3L3czsIyYXKX88fdrGovxdSCoTGDRZ6SYXtSRxLZUzHg5P/66Ht6uoUlHu9EZod+inXhKo3qQgwXUT/y1w==",
      "requires": {
        "buffer-from": "^1.0.0",
        "source-map": "^0.6.0"
      }
    },
    "tributejs": {
      "version": "5.1.3",
      "resolved": "https://registry.npmjs.org/tributejs/-/tributejs-5.1.3.tgz",
      "integrity": "sha512-B5CXihaVzXw+1UHhNFyAwUTMDk1EfoLP5Tj1VhD9yybZ1I8DZJEv8tZ1l0RJo0t0tk9ZhR8eG5tEsaCvRigmdQ=="
    },
    "twemoji": {
      "version": "14.0.2",
      "resolved": "https://registry.npmjs.org/twemoji/-/twemoji-14.0.2.tgz",
      "integrity": "sha512-BzOoXIe1QVdmsUmZ54xbEH+8AgtOKUiG53zO5vVP2iUu6h5u9lN15NcuS6te4OY96qx0H7JK9vjjl9WQbkTRuA==",
      "requires": {
        "fs-extra": "^8.0.1",
        "jsonfile": "^5.0.0",
        "twemoji-parser": "14.0.0",
        "universalify": "^0.1.2"
      }
    },
    "twemoji-parser": {
      "version": "14.0.0",
      "resolved": "https://registry.npmjs.org/twemoji-parser/-/twemoji-parser-14.0.0.tgz",
      "integrity": "sha512-9DUOTGLOWs0pFWnh1p6NF+C3CkQ96PWmEFwhOVmT3WbecRC+68AIqpsnJXygfkFcp4aXbOp8Dwbhh/HQgvoRxA=="
    },
    "universal-emoji-parser": {
      "version": "0.5.28",
      "resolved": "https://registry.npmjs.org/universal-emoji-parser/-/universal-emoji-parser-0.5.28.tgz",
      "integrity": "sha512-kfaoFQqm+/WZH43GYTXPfclQJ4d/QTLSSn9tbMNt4T9MAnDJlHt6kzgvJyI71ohEhKF911WG+ObcNnYd75xJ8g==",
      "requires": {
        "@babel/runtime": "^7.11.2",
        "emojilib": "^2.4.0",
        "source-map-support": "^0.5.19",
        "twemoji": "^13.0.1"
      },
      "dependencies": {
        "emojilib": {
          "version": "2.4.0",
          "resolved": "https://registry.npmjs.org/emojilib/-/emojilib-2.4.0.tgz",
          "integrity": "sha512-5U0rVMU5Y2n2+ykNLQqMoqklN9ICBT/KsvC1Gz6vqHbz2AXXGkG+Pm5rMWk/8Vjrr/mY9985Hi8DYzn1F09Nyw=="
        },
        "twemoji": {
          "version": "13.1.1",
          "resolved": "https://registry.npmjs.org/twemoji/-/twemoji-13.1.1.tgz",
          "integrity": "sha512-IIIoq+n1lk1M1+evBKZD3DO0ud02fDQ4ssbgAv8rp3YBWUeNmskjlisFUPPDacQ50XS3bhrd4Kq9Q2gqhxb0dg==",
          "requires": {
            "fs-extra": "^8.0.1",
            "jsonfile": "^5.0.0",
            "twemoji-parser": "13.1.0",
            "universalify": "^0.1.2"
          }
        },
        "twemoji-parser": {
          "version": "13.1.0",
          "resolved": "https://registry.npmjs.org/twemoji-parser/-/twemoji-parser-13.1.0.tgz",
          "integrity": "sha512-AQOzLJpYlpWMy8n+0ATyKKZzWlZBJN+G0C+5lhX7Ftc2PeEVdUU/7ns2Pn2vVje26AIZ/OHwFoUbdv6YYD/wGg=="
        }
      }
    },
    "universalify": {
      "version": "0.1.2",
      "resolved": "https://registry.npmjs.org/universalify/-/universalify-0.1.2.tgz",
      "integrity": "sha512-rBJeI5CXAlmy1pV+617WB9J63U6XcazHHF2f2dbJix4XzpUF0RS3Zbj0FGIOCAva5P/d/GBOYaACQ1w+0azUkg=="
    },
    "vue-class-component": {
      "version": "7.2.6",
      "resolved": "https://registry.npmjs.org/vue-class-component/-/vue-class-component-7.2.6.tgz",
      "integrity": "sha512-+eaQXVrAm/LldalI272PpDe3+i4mPis0ORiMYxF6Ae4hyuCh15W8Idet7wPUEs4N4YptgFHGys4UrgNQOMyO6w=="
    },
    "vue-click-outside": {
      "version": "1.1.0",
      "resolved": "https://registry.npmjs.org/vue-click-outside/-/vue-click-outside-1.1.0.tgz",
      "integrity": "sha512-pNyvAA9mRXJwPHlHJyjMb4IONSc7khS5lxGcMyE2EIKgNMAO279PWM9Hyq0d5J4FkiSRdmFLwnbjDd5UtPizHQ=="
    },
    "vue-clickaway": {
      "version": "2.2.2",
      "resolved": "https://registry.npmjs.org/vue-clickaway/-/vue-clickaway-2.2.2.tgz",
      "integrity": "sha512-25SpjXKetL06GLYoLoC8pqAV6Cur9cQ//2g35GRFBV4FgoljbZZjTINR8g2NuVXXDMLSUXaKx5dutgO4PaDE7A==",
      "requires": {
        "loose-envify": "^1.2.0"
      }
    },
    "vue-context": {
      "version": "6.0.0",
      "resolved": "https://registry.npmjs.org/vue-context/-/vue-context-6.0.0.tgz",
      "integrity": "sha512-x8gO6xgj0MtTCWcYbDjO/7VJ/gT+nV+unqICvsN0hwqqBzft31eYyExYqrSvfDCRI7ixxObu5tbl7BQAKge7eg==",
      "requires": {
        "vue-clickaway": "^2.2.2"
      }
    },
    "vue-i18n": {
      "version": "9.1.9",
      "resolved": "https://registry.npmjs.org/vue-i18n/-/vue-i18n-9.1.9.tgz",
      "integrity": "sha512-JeRdNVxS2OGp1E+pye5XB6+M6BBkHwAv9C80Q7+kzoMdUDGRna06tjC0vCB/jDX9aWrl5swxOMFcyAr7or8XTA==",
      "requires": {
        "@intlify/core-base": "9.1.9",
        "@intlify/shared": "9.1.9",
        "@intlify/vue-devtools": "9.1.9",
        "@vue/devtools-api": "^6.0.0-beta.7"
      }
    },
    "vue-infinite-loading": {
      "version": "2.4.5",
      "resolved": "https://registry.npmjs.org/vue-infinite-loading/-/vue-infinite-loading-2.4.5.tgz",
      "integrity": "sha512-xhq95Mxun060bRnsOoLE2Be6BR7jYwuC89kDe18+GmCLVrRA/dU0jrGb12Xu6NjmKs+iTW0AA6saSEmEW4cR7g=="
    },
    "vue-property-decorator": {
      "version": "9.1.2",
      "resolved": "https://registry.npmjs.org/vue-property-decorator/-/vue-property-decorator-9.1.2.tgz",
      "integrity": "sha512-xYA8MkZynPBGd/w5QFJ2d/NM0z/YeegMqYTphy7NJQXbZcuU6FC6AOdUAcy4SXP+YnkerC6AfH+ldg7PDk9ESQ=="
    },
    "vue-spinner": {
      "version": "1.0.4",
      "resolved": "https://registry.npmjs.org/vue-spinner/-/vue-spinner-1.0.4.tgz",
      "integrity": "sha512-GNG2F+8BLX201JT/jUX+84Gsi3ZteVQwt9K7mues3ts9FcQ95dGn7uu6a5ndSxdYYUEzfh1KngZiOE0u+l4itA=="
    }
  }
}
