{
  "name": "uni-chat",
  "version": "1.0.0",
  "lockfileVersion": 1,
  "requires": true,
  "dependencies": {
    "@babel/runtime": {
      "version": "7.18.9",
      "resolved": "https://mirrors.huaweicloud.com/repository/npm/@babel/runtime/-/runtime-7.18.9.tgz",
      "integrity": "sha512-lkqXDcvlFT5rvEjiu6+QYO+1GXrEHRo2LOtS7E4GtX5ESIZOgepqsZBVIj6Pv+a6zqsya9VCgiK1KAK4BvJDAw==",
      "requires": {
        "regenerator-runtime": "^0.13.4"
      }
    },
    "@intlify/core-base": {
      "version": "9.1.9",
      "resolved": "https://registry.npmjs.org/@intlify/core-base/-/core-base-9.1.9.tgz",
      "integrity": "sha512-x5T0p/Ja0S8hs5xs+ImKyYckVkL4CzcEXykVYYV6rcbXxJTe2o58IquSqX9bdncVKbRZP7GlBU1EcRaQEEJ+vw==",
      "requires": {
        "@intlify/devtools-if": "9.1.9",
        "@intlify/message-compiler": "9.1.9",
        "@intlify/message-resolver": "9.1.9",
        "@intlify/runtime": "9.1.9",
        "@intlify/shared": "9.1.9",
        "@intlify/vue-devtools": "9.1.9"
      }
    },
    "@intlify/devtools-if": {
      "version": "9.1.9",
      "resolved": "https://registry.npmjs.org/@intlify/devtools-if/-/devtools-if-9.1.9.tgz",
      "integrity": "sha512-oKSMKjttG3Ut/1UGEZjSdghuP3fwA15zpDPcjkf/1FjlOIm6uIBGMNS5jXzsZy593u+P/YcnrZD6cD3IVFz9vQ==",
      "requires": {
        "@intlify/shared": "9.1.9"
      }
    },
    "@intlify/message-compiler": {
      "version": "9.1.9",
      "resolved": "https://registry.npmjs.org/@intlify/message-compiler/-/message-compiler-9.1.9.tgz",
      "integrity": "sha512-6YgCMF46Xd0IH2hMRLCssZI3gFG4aywidoWQ3QP4RGYQXQYYfFC54DxhSgfIPpVoPLQ+4AD29eoYmhiHZ+qLFQ==",
      "requires": {
        "@intlify/message-resolver": "9.1.9",
        "@intlify/shared": "9.1.9",
        "source-map": "0.6.1"
      }
    },
    "@intlify/message-resolver": {
      "version": "9.1.9",
      "resolved": "https://registry.npmjs.org/@intlify/message-resolver/-/message-resolver-9.1.9.tgz",
      "integrity": "sha512-Lx/DBpigeK0sz2BBbzv5mu9/dAlt98HxwbG7xLawC3O2xMF9MNWU5FtOziwYG6TDIjNq0O/3ZbOJAxwITIWXEA=="
    },
    "@intlify/runtime": {
      "version": "9.1.9",
      "resolved": "https://registry.npmjs.org/@intlify/runtime/-/runtime-9.1.9.tgz",
      "integrity": "sha512-XgPw8+UlHCiie3fI41HPVa/VDJb3/aSH7bLhY1hJvlvNV713PFtb4p4Jo+rlE0gAoMsMCGcsiT982fImolSltg==",
      "requires": {
        "@intlify/message-compiler": "9.1.9",
        "@intlify/message-resolver": "9.1.9",
        "@intlify/shared": "9.1.9"
      }
    },
    "@intlify/shared": {
      "version": "9.1.9",
      "resolved": "https://registry.npmjs.org/@intlify/shared/-/shared-9.1.9.tgz",
      "integrity": "sha512-xKGM1d0EAxdDFCWedcYXOm6V5Pfw/TMudd6/qCdEb4tv0hk9EKeg7lwQF1azE0dP2phvx0yXxrt7UQK+IZjNdw=="
    },
    "@intlify/vue-devtools": {
      "version": "9.1.9",
      "resolved": "https://registry.npmjs.org/@intlify/vue-devtools/-/vue-devtools-9.1.9.tgz",
      "integrity": "sha512-YPehH9uL4vZcGXky4Ev5qQIITnHKIvsD2GKGXgqf+05osMUI6WSEQHaN9USRa318Rs8RyyPCiDfmA0hRu3k7og==",
      "requires": {
        "@intlify/message-resolver": "9.1.9",
        "@intlify/runtime": "9.1.9",
        "@intlify/shared": "9.1.9"
      }
    },
    "@vue/devtools-api": {
      "version": "6.1.4",
      "resolved": "https://registry.npmjs.org/@vue/devtools-api/-/devtools-api-6.1.4.tgz",
      "integrity": "sha512-IiA0SvDrJEgXvVxjNkHPFfDx6SXw0b/TUkqMcDZWNg9fnCAHbTpoo59YfJ9QLFkwa3raau5vSlRVzMSLDnfdtQ=="
    },
    "anchorme": {
      "version": "2.1.2",
      "resolved": "https://registry.npmjs.org/anchorme/-/anchorme-2.1.2.tgz",
      "integrity": "sha512-2iPY3kxDDZvtRzauqKDb4v7a5sTF4GZ+esQTY8nGYvmhAtGTeFPMn4cRnvyWS1qmtPTP0Mv8hyLOp9l3ZzWMKg=="
    },
    "buffer-from": {
      "version": "1.1.2",
      "resolved": "https://mirrors.huaweicloud.com/repository/npm/buffer-from/-/buffer-from-1.1.2.tgz",
      "integrity": "sha512-E+XQCRwSbaaiChtv6k6Dwgc+bx+Bs6vuKJHHl5kox/BaKbhiXzqQOwK4cO22yElGp2OCmjwVhT3HmxgyPGnJfQ=="
    },
    "detectrtc": {
      "version": "1.4.1",
      "resolved": "https://mirrors.huaweicloud.com/repository/npm/detectrtc/-/detectrtc-1.4.1.tgz",
      "integrity": "sha512-lxvyNN6/dSnwoVj1VstVFHel7S0BTmkfv1+01IBEy42D20pue27eB/MfphUOQz78jJ7WcQJDo6ZybhgBlUDi0Q=="
    },
    "emojilib": {
      "version": "3.0.6",
      "resolved": "https://mirrors.huaweicloud.com/repository/npm/emojilib/-/emojilib-3.0.6.tgz",
      "integrity": "sha512-/fjPG5+oTHzHDQhXwovBrggTNhOB6r2Ms1+e9ZX84kYov/5YK1b9Jk4f6uho8C9CmWkQzjTJXrphNkP27+7TqQ=="
    },
    "fs-extra": {
      "version": "8.1.0",
      "resolved": "https://mirrors.huaweicloud.com/repository/npm/fs-extra/-/fs-extra-8.1.0.tgz",
      "integrity": "sha512-yhlQgA6mnOJUKOsRUFsgJdQCvkKhcz8tlZG5HBQfReYZy46OwLcY+Zia0mtdHsOo9y/hP+CxMN0TU9QxoOtG4g==",
      "requires": {
        "graceful-fs": "^4.2.0",
        "jsonfile": "^4.0.0",
        "universalify": "^0.1.0"
      },
      "dependencies": {
        "jsonfile": {
          "version": "4.0.0",
          "resolved": "https://mirrors.huaweicloud.com/repository/npm/jsonfile/-/jsonfile-4.0.0.tgz",
          "integrity": "sha512-m6F1R3z8jjlf2imQHS2Qez5sjKWQzbuuhuJ/FKYFRZvPE3PuHcSMVZzfsLhGVOkfd20obL5SWEBew5ShlquNxg==",
          "requires": {
            "graceful-fs": "^4.1.6"
          }
        }
      }
    },
    "graceful-fs": {
      "version": "4.2.10",
      "resolved": "https://mirrors.huaweicloud.com/repository/npm/graceful-fs/-/graceful-fs-4.2.10.tgz",
      "integrity": "sha512-9ByhssR2fPVsNZj478qUUbKfmL0+t5BDVyjShtyZZLiK7ZDAArFFfopyOTj0M05wE2tJPisA4iTnnXl2YoPvOA=="
    },
    "jsonfile": {
      "version": "5.0.0",
      "resolved": "https://mirrors.huaweicloud.com/repository/npm/jsonfile/-/jsonfile-5.0.0.tgz",
      "integrity": "sha512-NQRZ5CRo74MhMMC3/3r5g2k4fjodJ/wh8MxjFbCViWKFjxrnudWSY5vomh+23ZaXzAS7J3fBZIR2dV6WbmfM0w==",
      "requires": {
        "graceful-fs": "^4.1.6",
        "universalify": "^0.1.2"
      }
    },
    "long": {
      "version": "5.2.0",
      "resolved": "https://mirrors.huaweicloud.com/repository/npm/long/-/long-5.2.0.tgz",
      "integrity": "sha512-9RTUNjK60eJbx3uz+TEGF7fUr29ZDxR5QzXcyDpeSfeH28S9ycINflOgOlppit5U+4kNTe83KQnMEerw7GmE8w=="
    },
    "regenerator-runtime": {
      "version": "0.13.9",
      "resolved": "https://mirrors.huaweicloud.com/repository/npm/regenerator-runtime/-/regenerator-runtime-0.13.9.tgz",
      "integrity": "sha512-p3VT+cOEgxFsRRA9X4lkI1E+k2/CtnKtU4gcxyaCUreilL/vqI6CdZ3wxVUx3UOUg+gnUOQQcRI7BmSI656MYA=="
    },
    "resize-image": {
      "version": "0.1.0",
      "resolved": "https://registry.npmjs.org/resize-image/-/resize-image-0.1.0.tgz",
      "integrity": "sha512-78cWCEX/IupMCwKi5Gg5gxjOZKoN6UXinL2eVOB4xzyG2QNjq64z6pJBnyBKg5/BsjEosLz1co5e3DHr99TgFg=="
    },
    "source-map": {
      "version": "0.6.1",
      "resolved": "https://registry.npmjs.org/source-map/-/source-map-0.6.1.tgz",
      "integrity": "sha512-UjgapumWlbMhkBgzT7Ykc5YXUT46F0iKu8SGXq0bcwP5dz/h0Plj6enJqjz1Zbq2l5WaqYnrVbwWOWMyF3F47g=="
    },
    "source-map-support": {
      "version": "0.5.21",
      "resolved": "https://mirrors.huaweicloud.com/repository/npm/source-map-support/-/source-map-support-0.5.21.tgz",
      "integrity": "sha512-uBHU3L3czsIyYXKX88fdrGovxdSCoTGDRZ6SYXtSRxLZUzHg5P/66Ht6uoUlHu9EZod+inXhKo3qQgwXUT/y1w==",
      "requires": {
        "buffer-from": "^1.0.0",
        "source-map": "^0.6.0"
      }
    },
    "twemoji": {
      "version": "14.0.2",
      "resolved": "https://mirrors.huaweicloud.com/repository/npm/twemoji/-/twemoji-14.0.2.tgz",
      "integrity": "sha512-BzOoXIe1QVdmsUmZ54xbEH+8AgtOKUiG53zO5vVP2iUu6h5u9lN15NcuS6te4OY96qx0H7JK9vjjl9WQbkTRuA==",
      "requires": {
        "fs-extra": "^8.0.1",
        "jsonfile": "^5.0.0",
        "twemoji-parser": "14.0.0",
        "universalify": "^0.1.2"
      }
    },
    "twemoji-parser": {
      "version": "14.0.0",
      "resolved": "https://mirrors.huaweicloud.com/repository/npm/twemoji-parser/-/twemoji-parser-14.0.0.tgz",
      "integrity": "sha512-9DUOTGLOWs0pFWnh1p6NF+C3CkQ96PWmEFwhOVmT3WbecRC+68AIqpsnJXygfkFcp4aXbOp8Dwbhh/HQgvoRxA=="
    },
    "universal-emoji-parser": {
      "version": "0.5.28",
      "resolved": "https://mirrors.huaweicloud.com/repository/npm/universal-emoji-parser/-/universal-emoji-parser-0.5.28.tgz",
      "integrity": "sha512-kfaoFQqm+/WZH43GYTXPfclQJ4d/QTLSSn9tbMNt4T9MAnDJlHt6kzgvJyI71ohEhKF911WG+ObcNnYd75xJ8g==",
      "requires": {
        "@babel/runtime": "^7.11.2",
        "emojilib": "^2.4.0",
        "source-map-support": "^0.5.19",
        "twemoji": "^13.0.1"
      },
      "dependencies": {
        "emojilib": {
          "version": "2.4.0",
          "resolved": "https://mirrors.huaweicloud.com/repository/npm/emojilib/-/emojilib-2.4.0.tgz",
          "integrity": "sha512-5U0rVMU5Y2n2+ykNLQqMoqklN9ICBT/KsvC1Gz6vqHbz2AXXGkG+Pm5rMWk/8Vjrr/mY9985Hi8DYzn1F09Nyw=="
        },
        "twemoji": {
          "version": "13.1.1",
          "resolved": "https://mirrors.huaweicloud.com/repository/npm/twemoji/-/twemoji-13.1.1.tgz",
          "integrity": "sha512-IIIoq+n1lk1M1+evBKZD3DO0ud02fDQ4ssbgAv8rp3YBWUeNmskjlisFUPPDacQ50XS3bhrd4Kq9Q2gqhxb0dg==",
          "requires": {
            "fs-extra": "^8.0.1",
            "jsonfile": "^5.0.0",
            "twemoji-parser": "13.1.0",
            "universalify": "^0.1.2"
          }
        },
        "twemoji-parser": {
          "version": "13.1.0",
          "resolved": "https://mirrors.huaweicloud.com/repository/npm/twemoji-parser/-/twemoji-parser-13.1.0.tgz",
          "integrity": "sha512-AQOzLJpYlpWMy8n+0ATyKKZzWlZBJN+G0C+5lhX7Ftc2PeEVdUU/7ns2Pn2vVje26AIZ/OHwFoUbdv6YYD/wGg=="
        }
      }
    },
    "universalify": {
      "version": "0.1.2",
      "resolved": "https://mirrors.huaweicloud.com/repository/npm/universalify/-/universalify-0.1.2.tgz",
      "integrity": "sha512-rBJeI5CXAlmy1pV+617WB9J63U6XcazHHF2f2dbJix4XzpUF0RS3Zbj0FGIOCAva5P/d/GBOYaACQ1w+0azUkg=="
    },
    "vue-i18n": {
      "version": "9.1.9",
      "resolved": "https://registry.npmjs.org/vue-i18n/-/vue-i18n-9.1.9.tgz",
      "integrity": "sha512-JeRdNVxS2OGp1E+pye5XB6+M6BBkHwAv9C80Q7+kzoMdUDGRna06tjC0vCB/jDX9aWrl5swxOMFcyAr7or8XTA==",
      "requires": {
        "@intlify/core-base": "9.1.9",
        "@intlify/shared": "9.1.9",
        "@intlify/vue-devtools": "9.1.9",
        "@vue/devtools-api": "^6.0.0-beta.7"
      }
    }
  }
}
